
Microsoft Visual Studio Solution File, Format Version 12.00
# Visual Studio Version 17
VisualStudioVersion = 17.14.36408.4 d17.14
MinimumVisualStudioVersion = 10.0.40219.1
Project("{FAE04EC0-301F-11D3-BF4B-00C04F79EFBC}") = "Lab4Q2", "Lab4Q2.csproj", "{1FC839D5-D5BF-4601-9313-59C88B05DD00}"
EndProject
Global
	GlobalSection(SolutionConfigurationPlatforms) = preSolution
		Debug|Any CPU = Debug|Any CPU
		Release|Any CPU = Release|Any CPU
	EndGlobalSection
	GlobalSection(ProjectConfigurationPlatforms) = postSolution
		{1FC839D5-D5BF-4601-9313-59C88B05DD00}.Debug|Any CPU.ActiveCfg = Debug|Any CPU
		{1FC839D5-D5BF-4601-9313-59C88B05DD00}.Debug|Any CPU.Build.0 = Debug|Any CPU
		{1FC839D5-D5BF-4601-9313-59C88B05DD00}.Release|Any CPU.ActiveCfg = Release|Any CPU
		{1FC839D5-D5BF-4601-9313-59C88B05DD00}.Release|Any CPU.Build.0 = Release|Any CPU
	EndGlobalSection
	GlobalSection(SolutionProperties) = preSolution
		HideSolutionNode = FALSE
	EndGlobalSection
	GlobalSection(ExtensibilityGlobals) = postSolution
		SolutionGuid = {4B778D08-E5DA-4388-835C-A6DD66E6A02C}
	EndGlobalSection
EndGlobal
